
Microsoft Visual Studio Solution File, Format Version 12.00
# Visual Studio Version 17
VisualStudioVersion = 17.4.33205.214
MinimumVisualStudioVersion = 10.0.40219.1
Project("{9A19103F-16F7-4668-BE54-9A1E7A4F7556}") = "RainfallAPI", "RainfallAPI\RainfallAPI.csproj", "{94D98240-8A91-4D05-87C6-3F5C286A4FDA}"
EndProject
Project("{FAE04EC0-301F-11D3-BF4B-00C04F79EFBC}") = "RainfallAPI.Test", "RainfallAPI.Test\RainfallAPI.Test.csproj", "{5AEADD5F-7999-4270-BE34-5EECA675C54D}"
EndProject
Global
	GlobalSection(SolutionConfigurationPlatforms) = preSolution
		Debug|Any CPU = Debug|Any CPU
		Release|Any CPU = Release|Any CPU
	EndGlobalSection
	GlobalSection(ProjectConfigurationPlatforms) = postSolution
		{94D98240-8A91-4D05-87C6-3F5C286A4FDA}.Debug|Any CPU.ActiveCfg = Debug|Any CPU
		{94D98240-8A91-4D05-87C6-3F5C286A4FDA}.Debug|Any CPU.Build.0 = Debug|Any CPU
		{94D98240-8A91-4D05-87C6-3F5C286A4FDA}.Release|Any CPU.ActiveCfg = Release|Any CPU
		{94D98240-8A91-4D05-87C6-3F5C286A4FDA}.Release|Any CPU.Build.0 = Release|Any CPU
		{5AEADD5F-7999-4270-BE34-5EECA675C54D}.Debug|Any CPU.ActiveCfg = Debug|Any CPU
		{5AEADD5F-7999-4270-BE34-5EECA675C54D}.Debug|Any CPU.Build.0 = Debug|Any CPU
		{5AEADD5F-7999-4270-BE34-5EECA675C54D}.Release|Any CPU.ActiveCfg = Release|Any CPU
		{5AEADD5F-7999-4270-BE34-5EECA675C54D}.Release|Any CPU.Build.0 = Release|Any CPU
	EndGlobalSection
	GlobalSection(SolutionProperties) = preSolution
		HideSolutionNode = FALSE
	EndGlobalSection
	GlobalSection(ExtensibilityGlobals) = postSolution
		SolutionGuid = {A56AF18E-9662-4CC5-8691-DE02F5489790}
	EndGlobalSection
EndGlobal
